
Microsoft Visual Studio Solution File, Format Version 12.00
# Visual Studio Version 17
VisualStudioVersion = 17.1.32228.430
MinimumVisualStudioVersion = 10.0.40219.1
Project("{2150E333-8FDC-42A3-9474-1A3956D46DE8}") = "Services", "Services", "{08553073-B17D-4C26-9863-C7B8F8180F06}"
EndProject
Project("{2150E333-8FDC-42A3-9474-1A3956D46DE8}") = "Catalog", "Catalog", "{BCD2DBA4-6BA8-444B-9B56-CD0099C02997}"
EndProject
Project("{9A19103F-16F7-4668-BE54-9A1E7A4F7556}") = "Catalog.API", "Services\Catalog\Catalog.API\Catalog.API.csproj", "{FDB73EF3-7072-488F-A4F9-30F48C886F9D}"
EndProject
Project("{E53339B2-1760-4266-BCC7-CA923CBCF16C}") = "docker-compose", "docker-compose.dcproj", "{16B5BF12-3B4E-4A4B-8D61-0626DFF5DC33}"
EndProject
Project("{2150E333-8FDC-42A3-9474-1A3956D46DE8}") = "Basket", "Basket", "{54EC1597-5E53-46D9-B0ED-2F8B7160B43A}"
EndProject
Project("{9A19103F-16F7-4668-BE54-9A1E7A4F7556}") = "Basket.API", "Services\Basket\Basket.API\Basket.API.csproj", "{4C0A434A-A643-4CB4-912C-E2523DAAD9F3}"
EndProject
Project("{2150E333-8FDC-42A3-9474-1A3956D46DE8}") = "Discount", "Discount", "{06BA1D13-B4AF-4AB8-8937-0337065F4507}"
EndProject
Project("{9A19103F-16F7-4668-BE54-9A1E7A4F7556}") = "Discount.API", "Services\Discount\Discount.API\Discount.API.csproj", "{E802A89B-42FB-4BE0-9119-69BDD5863E92}"
EndProject
Project("{9A19103F-16F7-4668-BE54-9A1E7A4F7556}") = "Discount.Grpc", "Services\Discount\Discount.Grpc\Discount.Grpc.csproj", "{2F516775-DC7D-4A9D-A285-FB1C46B0AAF7}"
EndProject
Project("{2150E333-8FDC-42A3-9474-1A3956D46DE8}") = "Ordering", "Ordering", "{76C8F5EE-89A2-4497-AC3C-4218A35519C8}"
EndProject
Project("{FAE04EC0-301F-11D3-BF4B-00C04F79EFBC}") = "Ordering.API", "Services\Ordering\Ordering.API\Ordering.API.csproj", "{FF205E4C-E206-49A7-8E6B-7F83747DC218}"
EndProject
Project("{FAE04EC0-301F-11D3-BF4B-00C04F79EFBC}") = "Ordering.Domain", "Services\Ordering\Ordering.Domain\Ordering.Domain.csproj", "{6FA6A1B4-3713-4767-B560-3FE2EC8396A2}"
EndProject
Project("{FAE04EC0-301F-11D3-BF4B-00C04F79EFBC}") = "Ordering.Application", "Services\Ordering\Ordering.Application\Ordering.Application.csproj", "{8348F4FE-FAFD-4911-A5B2-7D3777E5749A}"
EndProject
Project("{FAE04EC0-301F-11D3-BF4B-00C04F79EFBC}") = "Ordering.Infrastructure", "Services\Ordering\Ordering.Infrastructure\Ordering.Infrastructure.csproj", "{0898647A-091E-4E96-8CDA-9BB6224F55CF}"
EndProject
Global
	GlobalSection(SolutionConfigurationPlatforms) = preSolution
		Debug|Any CPU = Debug|Any CPU
		Release|Any CPU = Release|Any CPU
	EndGlobalSection
	GlobalSection(ProjectConfigurationPlatforms) = postSolution
		{FDB73EF3-7072-488F-A4F9-30F48C886F9D}.Debug|Any CPU.ActiveCfg = Debug|Any CPU
		{FDB73EF3-7072-488F-A4F9-30F48C886F9D}.Debug|Any CPU.Build.0 = Debug|Any CPU
		{FDB73EF3-7072-488F-A4F9-30F48C886F9D}.Release|Any CPU.ActiveCfg = Release|Any CPU
		{FDB73EF3-7072-488F-A4F9-30F48C886F9D}.Release|Any CPU.Build.0 = Release|Any CPU
		{16B5BF12-3B4E-4A4B-8D61-0626DFF5DC33}.Debug|Any CPU.ActiveCfg = Debug|Any CPU
		{16B5BF12-3B4E-4A4B-8D61-0626DFF5DC33}.Debug|Any CPU.Build.0 = Debug|Any CPU
		{16B5BF12-3B4E-4A4B-8D61-0626DFF5DC33}.Release|Any CPU.ActiveCfg = Release|Any CPU
		{16B5BF12-3B4E-4A4B-8D61-0626DFF5DC33}.Release|Any CPU.Build.0 = Release|Any CPU
		{4C0A434A-A643-4CB4-912C-E2523DAAD9F3}.Debug|Any CPU.ActiveCfg = Debug|Any CPU
		{4C0A434A-A643-4CB4-912C-E2523DAAD9F3}.Debug|Any CPU.Build.0 = Debug|Any CPU
		{4C0A434A-A643-4CB4-912C-E2523DAAD9F3}.Release|Any CPU.ActiveCfg = Release|Any CPU
		{4C0A434A-A643-4CB4-912C-E2523DAAD9F3}.Release|Any CPU.Build.0 = Release|Any CPU
		{E802A89B-42FB-4BE0-9119-69BDD5863E92}.Debug|Any CPU.ActiveCfg = Debug|Any CPU
		{E802A89B-42FB-4BE0-9119-69BDD5863E92}.Debug|Any CPU.Build.0 = Debug|Any CPU
		{E802A89B-42FB-4BE0-9119-69BDD5863E92}.Release|Any CPU.ActiveCfg = Release|Any CPU
		{E802A89B-42FB-4BE0-9119-69BDD5863E92}.Release|Any CPU.Build.0 = Release|Any CPU
		{2F516775-DC7D-4A9D-A285-FB1C46B0AAF7}.Debug|Any CPU.ActiveCfg = Debug|Any CPU
		{2F516775-DC7D-4A9D-A285-FB1C46B0AAF7}.Debug|Any CPU.Build.0 = Debug|Any CPU
		{2F516775-DC7D-4A9D-A285-FB1C46B0AAF7}.Release|Any CPU.ActiveCfg = Release|Any CPU
		{2F516775-DC7D-4A9D-A285-FB1C46B0AAF7}.Release|Any CPU.Build.0 = Release|Any CPU
		{FF205E4C-E206-49A7-8E6B-7F83747DC218}.Debug|Any CPU.ActiveCfg = Debug|Any CPU
		{FF205E4C-E206-49A7-8E6B-7F83747DC218}.Debug|Any CPU.Build.0 = Debug|Any CPU
		{FF205E4C-E206-49A7-8E6B-7F83747DC218}.Release|Any CPU.ActiveCfg = Release|Any CPU
		{FF205E4C-E206-49A7-8E6B-7F83747DC218}.Release|Any CPU.Build.0 = Release|Any CPU
		{6FA6A1B4-3713-4767-B560-3FE2EC8396A2}.Debug|Any CPU.ActiveCfg = Debug|Any CPU
		{6FA6A1B4-3713-4767-B560-3FE2EC8396A2}.Debug|Any CPU.Build.0 = Debug|Any CPU
		{6FA6A1B4-3713-4767-B560-3FE2EC8396A2}.Release|Any CPU.ActiveCfg = Release|Any CPU
		{6FA6A1B4-3713-4767-B560-3FE2EC8396A2}.Release|Any CPU.Build.0 = Release|Any CPU
		{8348F4FE-FAFD-4911-A5B2-7D3777E5749A}.Debug|Any CPU.ActiveCfg = Debug|Any CPU
		{8348F4FE-FAFD-4911-A5B2-7D3777E5749A}.Debug|Any CPU.Build.0 = Debug|Any CPU
		{8348F4FE-FAFD-4911-A5B2-7D3777E5749A}.Release|Any CPU.ActiveCfg = Release|Any CPU
		{8348F4FE-FAFD-4911-A5B2-7D3777E5749A}.Release|Any CPU.Build.0 = Release|Any CPU
		{0898647A-091E-4E96-8CDA-9BB6224F55CF}.Debug|Any CPU.ActiveCfg = Debug|Any CPU
		{0898647A-091E-4E96-8CDA-9BB6224F55CF}.Debug|Any CPU.Build.0 = Debug|Any CPU
		{0898647A-091E-4E96-8CDA-9BB6224F55CF}.Release|Any CPU.ActiveCfg = Release|Any CPU
		{0898647A-091E-4E96-8CDA-9BB6224F55CF}.Release|Any CPU.Build.0 = Release|Any CPU
	EndGlobalSection
	GlobalSection(SolutionProperties) = preSolution
		HideSolutionNode = FALSE
	EndGlobalSection
	GlobalSection(NestedProjects) = preSolution
		{BCD2DBA4-6BA8-444B-9B56-CD0099C02997} = {08553073-B17D-4C26-9863-C7B8F8180F06}
		{FDB73EF3-7072-488F-A4F9-30F48C886F9D} = {BCD2DBA4-6BA8-444B-9B56-CD0099C02997}
		{54EC1597-5E53-46D9-B0ED-2F8B7160B43A} = {08553073-B17D-4C26-9863-C7B8F8180F06}
		{4C0A434A-A643-4CB4-912C-E2523DAAD9F3} = {54EC1597-5E53-46D9-B0ED-2F8B7160B43A}
		{06BA1D13-B4AF-4AB8-8937-0337065F4507} = {08553073-B17D-4C26-9863-C7B8F8180F06}
		{E802A89B-42FB-4BE0-9119-69BDD5863E92} = {06BA1D13-B4AF-4AB8-8937-0337065F4507}
		{2F516775-DC7D-4A9D-A285-FB1C46B0AAF7} = {06BA1D13-B4AF-4AB8-8937-0337065F4507}
		{76C8F5EE-89A2-4497-AC3C-4218A35519C8} = {08553073-B17D-4C26-9863-C7B8F8180F06}
		{FF205E4C-E206-49A7-8E6B-7F83747DC218} = {76C8F5EE-89A2-4497-AC3C-4218A35519C8}
		{6FA6A1B4-3713-4767-B560-3FE2EC8396A2} = {76C8F5EE-89A2-4497-AC3C-4218A35519C8}
		{8348F4FE-FAFD-4911-A5B2-7D3777E5749A} = {76C8F5EE-89A2-4497-AC3C-4218A35519C8}
		{0898647A-091E-4E96-8CDA-9BB6224F55CF} = {76C8F5EE-89A2-4497-AC3C-4218A35519C8}
	EndGlobalSection
	GlobalSection(ExtensibilityGlobals) = postSolution
		SolutionGuid = {3DAA6FC7-0E6C-4413-BB9A-3A925D341A83}
	EndGlobalSection
EndGlobal
